// !$*UTF8*$!
{
	archiveVersion = 1;
	classes = {
	};
	objectVersion = 46;
	objects = {

/* Begin PBXBuildFile section */
		01D36A731F3169AE002E373D /* AppDelegate.swift in Sources */ = {isa = PBXBuildFile; fileRef = 01D36A721F3169AE002E373D /* AppDelegate.swift */; };
		01D36A751F3169AE002E373D /* ViewController.swift in Sources */ = {isa = PBXBuildFile; fileRef = 01D36A741F3169AE002E373D /* ViewController.swift */; };
		01D36A781F3169AE002E373D /* Main.storyboard in Resources */ = {isa = PBXBuildFile; fileRef = 01D36A761F3169AE002E373D /* Main.storyboard */; };
		01D36A7A1F3169AE002E373D /* Assets.xcassets in Resources */ = {isa = PBXBuildFile; fileRef = 01D36A791F3169AE002E373D /* Assets.xcassets */; };
		01D36A7D1F3169AE002E373D /* LaunchScreen.storyboard in Resources */ = {isa = PBXBuildFile; fileRef = 01D36A7B1F3169AE002E373D /* LaunchScreen.storyboard */; };
/* End PBXBuildFile section */

/* Begin PBXFileReference section */
		01D36A6F1F3169AE002E373D /* pamper.app */ = {isa = PBXFileReference; explicitFileType = wrapper.application; includeInIndex = 0; path = pamper.app; sourceTree = BUILT_PRODUCTS_DIR; };
		01D36A721F3169AE002E373D /* AppDelegate.swift */ = {isa = PBXFileReference; lastKnownFileType = sourcecode.swift; path = AppDelegate.swift; sourceTree = "<group>"; };
		01D36A741F3169AE002E373D /* ViewController.swift */ = {isa = PBXFileReference; lastKnownFileType = sourcecode.swift; path = ViewController.swift; sourceTree = "<group>"; };
		01D36A771F3169AE002E373D /* Base */ = {isa = PBXFileReference; lastKnownFileType = file.storyboard; name = Base; path = Base.lproj/Main.storyboard; sourceTree = "<group>"; };
		01D36A791F3169AE002E373D /* Assets.xcassets */ = {isa = PBXFileReference; lastKnownFileType = folder.assetcatalog; path = Assets.xcassets; sourceTree = "<group>"; };
		01D36A7C1F3169AE002E373D /* Base */ = {isa = PBXFileReference; lastKnownFileType = file.storyboard; name = Base; path = Base.lproj/LaunchScreen.storyboard; sourceTree = "<group>"; };
		01D36A7E1F3169AE002E373D /* Info.plist */ = {isa = PBXFileReference; lastKnownFileType = text.plist.xml; path = Info.plist; sourceTree = "<group>"; };
/* End PBXFileReference section */

/* Begin PBXFrameworksBuildPhase section */
		01D36A6C1F3169AE002E373D /* Frameworks */ = {
			isa = PBXFrameworksBuildPhase;
			buildActionMask = 2147483647;
			files = (
			);
			runOnlyForDeploymentPostprocessing = 0;
		};
/* End PBXFrameworksBuildPhase section */

/* Begin PBXGroup section */
		01D36A661F3169AE002E373D = {
			isa = PBXGroup;
			children = (
				01D36A711F3169AE002E373D /* pamper */,
				01D36A701F3169AE002E373D /* Products */,
			);
			sourceTree = "<group>";
		};
		01D36A701F3169AE002E373D /* Products */ = {
			isa = PBXGroup;
			children = (
				01D36A6F1F3169AE002E373D /* pamper.app */,
			);
			name = Products;
			sourceTree = "<group>";
		};
		01D36A711F3169AE002E373D /* pamper */ = {
			isa = PBXGroup;
			children = (
				01D36A721F3169AE002E373D /* AppDelegate.swift */,
				01D36A741F3169AE002E373D /* ViewController.swift */,
				01D36A761F3169AE002E373D /* Main.storyboard */,
				01D36A791F3169AE002E373D /* Assets.xcassets */,
				01D36A7B1F3169AE002E373D /* LaunchScreen.storyboard */,
				01D36A7E1F3169AE002E373D /* Info.plist */,
			);
			path = pamper;
			sourceTree = "<group>";
		};
/* End PBXGroup section */

/* Begin PBXNativeTarget section */
		01D36A6E1F3169AE002E373D /* pamper */ = {
			isa = PBXNativeTarget;
			buildConfigurationList = 01D36A811F3169AE002E373D /* Build configuration list for PBXNativeTarget "pamper" */;
			buildPhases = (
				01D36A6B1F3169AE002E373D /* Sources */,
				01D36A6C1F3169AE002E373D /* Frameworks */,
				01D36A6D1F3169AE002E373D /* Resources */,
			);
			buildRules = (
			);
			dependencies = (
			);
			name = pamper;
			productName = pamper;
			productReference = 01D36A6F1F3169AE002E373D /* pamper.app */;
			productType = "com.apple.product-type.application";
		};
/* End PBXNativeTarget section */

/* Begin PBXProject section */
		01D36A671F3169AE002E373D /* Project object */ = {
			isa = PBXProject;
			attributes = {
				LastSwiftUpdateCheck = 0830;
				LastUpgradeCheck = 0830;
				ORGANIZATIONNAME = "김민서";
				TargetAttributes = {
					01D36A6E1F3169AE002E373D = {
						CreatedOnToolsVersion = 8.3.3;
						DevelopmentTeam = ZESNLFKEBA;
						ProvisioningStyle = Automatic;
					};
				};
			};
			buildConfigurationList = 01D36A6A1F3169AE002E373D /* Build configuration list for PBXProject "pamper" */;
			compatibilityVersion = "Xcode 3.2";
			developmentRegion = English;
			hasScannedForEncodings = 0;
			knownRegions = (
				en,
				Base,
			);
			mainGroup = 01D36A661F3169AE002E373D;
			productRefGroup = 01D36A701F3169AE002E373D /* Products */;
			projectDirPath = "";
			projectRoot = "";
			targets = (
				01D36A6E1F3169AE002E373D /* pamper */,
			);
		};
/* End PBXProject section */

/* Begin PBXResourcesBuildPhase section */
		01D36A6D1F3169AE002E373D /* Resources */ = {
			isa = PBXResourcesBuildPhase;
			buildActionMask = 2147483647;
			files = (
				01D36A7D1F3169AE002E373D /* LaunchScreen.storyboard in Resources */,
				01D36A7A1F3169AE002E373D /* Assets.xcassets in Resources */,
				01D36A781F3169AE002E373D /* Main.storyboard in Resources */,
			);
			runOnlyForDeploymentPostprocessing = 0;
		};
/* End PBXResourcesBuildPhase section */

/* Begin PBXSourcesBuildPhase section */
		01D36A6B1F3169AE002E373D /* Sources */ = {
			isa = PBXSourcesBuildPhase;
			buildActionMask = 2147483647;
			files = (
				01D36A751F3169AE002E373D /* ViewController.swift in Sources */,
				01D36A731F3169AE002E373D /* AppDelegate.swift in Sources */,
			);
			runOnlyForDeploymentPostprocessing = 0;
		};
/* End PBXSourcesBuildPhase section */

/* Begin PBXVariantGroup section */
		01D36A761F3169AE002E373D /* Main.storyboard */ = {
			isa = PBXVariantGroup;
			children = (
				01D36A771F3169AE002E373D /* Base */,
			);
			name = Main.storyboard;
			sourceTree = "<group>";
		};
		01D36A7B1F3169AE002E373D /* LaunchScreen.storyboard */ = {
			isa = PBXVariantGroup;
			children = (
				01D36A7C1F3169AE002E373D /* Base */,
			);
			name = LaunchScreen.storyboard;
			sourceTree = "<group>";
		};
/* End PBXVariantGroup section */

/* Begin XCBuildConfiguration section */
		01D36A7F1F3169AE002E373D /* Debug */ = {
			isa = XCBuildConfiguration;
			buildSettings = {
				ALWAYS_SEARCH_USER_PATHS = NO;
				CLANG_ANALYZER_NONNULL = YES;
				CLANG_ANALYZER_NUMBER_OBJECT_CONVERSION = YES_AGGRESSIVE;
				CLANG_CXX_LANGUAGE_STANDARD = "gnu++0x";
				CLANG_CXX_LIBRARY = "libc++";
				CLANG_ENABLE_MODULES = YES;
				CLANG_ENABLE_OBJC_ARC = YES;
				CLANG_WARN_BOOL_CONVERSION = YES;
				CLANG_WARN_CONSTANT_CONVERSION = YES;
				CLANG_WARN_DIRECT_OBJC_ISA_USAGE = YES_ERROR;
				CLANG_WARN_DOCUMENTATION_COMMENTS = YES;
				CLANG_WARN_EMPTY_BODY = YES;
				CLANG_WARN_ENUM_CONVERSION = YES;
				CLANG_WARN_INFINITE_RECURSION = YES;
				CLANG_WARN_INT_CONVERSION = YES;
				CLANG_WARN_OBJC_ROOT_CLASS = YES_ERROR;
				CLANG_WARN_SUSPICIOUS_MOVE = YES;
				CLANG_WARN_UNREACHABLE_CODE = YES;
				CLANG_WARN__DUPLICATE_METHOD_MATCH = YES;
				"CODE_SIGN_IDENTITY[sdk=iphoneos*]" = "iPhone Developer";
				COPY_PHASE_STRIP = NO;
				DEBUG_INFORMATION_FORMAT = dwarf;
				ENABLE_STRICT_OBJC_MSGSEND = YES;
				ENABLE_TESTABILITY = YES;
				GCC_C_LANGUAGE_STANDARD = gnu99;
				GCC_DYNAMIC_NO_PIC = NO;
				GCC_NO_COMMON_BLOCKS = YES;
				GCC_OPTIMIZATION_LEVEL = 0;
				GCC_PREPROCESSOR_DEFINITIONS = (
					"DEBUG=1",
					"$(inherited)",
				);
				GCC_WARN_64_TO_32_BIT_CONVERSION = YES;
				GCC_WARN_ABOUT_RETURN_TYPE = YES_ERROR;
				GCC_WARN_UNDECLARED_SELECTOR = YES;
				GCC_WARN_UNINITIALIZED_AUTOS = YES_AGGRESSIVE;
				GCC_WARN_UNUSED_FUNCTION = YES;
				GCC_WARN_UNUSED_VARIABLE = YES;
				IPHONEOS_DEPLOYMENT_TARGET = 10.3;
				MTL_ENABLE_DEBUG_INFO = YES;
				ONLY_ACTIVE_ARCH = YES;
				SDKROOT = iphoneos;
				SWIFT_ACTIVE_COMPILATION_CONDITIONS = DEBUG;
				SWIFT_OPTIMIZATION_LEVEL = "-Onone";
			};
			name = Debug;
		};
		01D36A801F3169AE002E373D /* Release */ = {
			isa = XCBuildConfiguration;
			buildSettings = {
				ALWAYS_SEARCH_USER_PATHS = NO;
				CLANG_ANALYZER_NONNULL = YES;
				CLANG_ANALYZER_NUMBER_OBJECT_CONVERSION = YES_AGGRESSIVE;
				CLANG_CXX_LANGUAGE_STANDARD = "gnu++0x";
				CLANG_CXX_LIBRARY = "libc++";
				CLANG_ENABLE_MODULES = YES;
				CLANG_ENABLE_OBJC_ARC = YES;
				CLANG_WARN_BOOL_CONVERSION = YES;
				CLANG_WARN_CONSTANT_CONVERSION = YES;
				CLANG_WARN_DIRECT_OBJC_ISA_USAGE = YES_ERROR;
				CLANG_WARN_DOCUMENTATION_COMMENTS = YES;
				CLANG_WARN_EMPTY_BODY = YES;
				CLANG_WARN_ENUM_CONVERSION = YES;
				CLANG_WARN_INFINITE_RECURSION = YES;
				CLANG_WARN_INT_CONVERSION = YES;
				CLANG_WARN_OBJC_ROOT_CLASS = YES_ERROR;
				CLANG_WARN_SUSPICIOUS_MOVE = YES;
				CLANG_WARN_UNREACHABLE_CODE = YES;
				CLANG_WARN__DUPLICATE_METHOD_MATCH = YES;
				"CODE_SIGN_IDENTITY[sdk=iphoneos*]" = "iPhone Developer";
				COPY_PHASE_STRIP = NO;
				DEBUG_INFORMATION_FORMAT = "dwarf-with-dsym";
				ENABLE_NS_ASSERTIONS = NO;
				ENABLE_STRICT_OBJC_MSGSEND = YES;
				GCC_C_LANGUAGE_STANDARD = gnu99;
				GCC_NO_COMMON_BLOCKS = YES;
				GCC_WARN_64_TO_32_BIT_CONVERSION = YES;
				GCC_WARN_ABOUT_RETURN_TYPE = YES_ERROR;
				GCC_WARN_UNDECLARED_SELECTOR = YES;
				GCC_WARN_UNINITIALIZED_AUTOS = YES_AGGRESSIVE;
				GCC_WARN_UNUSED_FUNCTION = YES;
				GCC_WARN_UNUSED_VARIABLE = YES;
				IPHONEOS_DEPLOYMENT_TARGET = 10.3;
				MTL_ENABLE_DEBUG_INFO = NO;
				SDKROOT = iphoneos;
				SWIFT_OPTIMIZATION_LEVEL = "-Owholemodule";
				VALIDATE_PRODUCT = YES;
			};
			name = Release;
		};
		01D36A821F3169AE002E373D /* Debug */ = {
			isa = XCBuildConfiguration;
			buildSettings = {
				ASSETCATALOG_COMPILER_APPICON_NAME = AppIcon;
				DEVELOPMENT_TEAM = ZESNLFKEBA;
				INFOPLIST_FILE = pamper/Info.plist;
				LD_RUNPATH_SEARCH_PATHS = "$(inherited) @executable_path/Frameworks";
				PRODUCT_BUNDLE_IDENTIFIER = com.gimminseo.pamper;
				PRODUCT_NAME = "$(TARGET_NAME)";
				SWIFT_VERSION = 3.0;
			};
			name = Debug;
		};
		01D36A831F3169AE002E373D /* Release */ = {
			isa = XCBuildConfiguration;
			buildSettings = {
				ASSETCATALOG_COMPILER_APPICON_NAME = AppIcon;
				DEVELOPMENT_TEAM = ZESNLFKEBA;
				INFOPLIST_FILE = pamper/Info.plist;
				LD_RUNPATH_SEARCH_PATHS = "$(inherited) @executable_path/Frameworks";
				PRODUCT_BUNDLE_IDENTIFIER = com.gimminseo.pamper;
				PRODUCT_NAME = "$(TARGET_NAME)";
				SWIFT_VERSION = 3.0;
			};
			name = Release;
		};
/* End XCBuildConfiguration section */

/* Begin XCConfigurationList section */
		01D36A6A1F3169AE002E373D /* Build configuration list for PBXProject "pamper" */ = {
			isa = XCConfigurationList;
			buildConfigurations = (
				01D36A7F1F3169AE002E373D /* Debug */,
				01D36A801F3169AE002E373D /* Release */,
			);
			defaultConfigurationIsVisible = 0;
			defaultConfigurationName = Release;
		};
		01D36A811F3169AE002E373D /* Build configuration list for PBXNativeTarget "pamper" */ = {
			isa = XCConfigurationList;
			buildConfigurations = (
				01D36A821F3169AE002E373D /* Debug */,
				01D36A831F3169AE002E373D /* Release */,
			);
			defaultConfigurationIsVisible = 0;
		};
/* End XCConfigurationList section */
	};
	rootObject = 01D36A671F3169AE002E373D /* Project object */;
}
